
Microsoft Visual Studio Solution File, Format Version 12.00
# Visual Studio Version 17
VisualStudioVersion = 17.13.35825.156
MinimumVisualStudioVersion = 10.0.40219.1
Project("{FAE04EC0-301F-11D3-BF4B-00C04F79EFBC}") = "CadMinerva", "CadMinerva\CadMinerva.csproj", "{FE99CA85-19C5-4C85-9078-A50A103A6A9B}"
EndProject
Project("{FAE04EC0-301F-11D3-BF4B-00C04F79EFBC}") = "ClnMinerva", "ClnMinerva\ClnMinerva.csproj", "{7A275F7F-9152-4CBD-86F6-2BF4B5E425D9}"
EndProject
Project("{FAE04EC0-301F-11D3-BF4B-00C04F79EFBC}") = "CpMinerva", "CpMinerva\CpMinerva.csproj", "{EBA247F8-A0AF-4F06-9DDE-FBC479BDD142}"
EndProject
Project("{FAE04EC0-301F-11D3-BF4B-00C04F79EFBC}") = "WebMinerva", "WebMinerva\WebMinerva.csproj", "{006D1C48-A33D-43AD-8BE5-800CE0629441}"
EndProject
Global
	GlobalSection(SolutionConfigurationPlatforms) = preSolution
		Debug|Any CPU = Debug|Any CPU
		Release|Any CPU = Release|Any CPU
	EndGlobalSection
	GlobalSection(ProjectConfigurationPlatforms) = postSolution
		{FE99CA85-19C5-4C85-9078-A50A103A6A9B}.Debug|Any CPU.ActiveCfg = Debug|Any CPU
		{FE99CA85-19C5-4C85-9078-A50A103A6A9B}.Debug|Any CPU.Build.0 = Debug|Any CPU
		{FE99CA85-19C5-4C85-9078-A50A103A6A9B}.Release|Any CPU.ActiveCfg = Release|Any CPU
		{FE99CA85-19C5-4C85-9078-A50A103A6A9B}.Release|Any CPU.Build.0 = Release|Any CPU
		{7A275F7F-9152-4CBD-86F6-2BF4B5E425D9}.Debug|Any CPU.ActiveCfg = Debug|Any CPU
		{7A275F7F-9152-4CBD-86F6-2BF4B5E425D9}.Debug|Any CPU.Build.0 = Debug|Any CPU
		{7A275F7F-9152-4CBD-86F6-2BF4B5E425D9}.Release|Any CPU.ActiveCfg = Release|Any CPU
		{7A275F7F-9152-4CBD-86F6-2BF4B5E425D9}.Release|Any CPU.Build.0 = Release|Any CPU
		{EBA247F8-A0AF-4F06-9DDE-FBC479BDD142}.Debug|Any CPU.ActiveCfg = Debug|Any CPU
		{EBA247F8-A0AF-4F06-9DDE-FBC479BDD142}.Debug|Any CPU.Build.0 = Debug|Any CPU
		{EBA247F8-A0AF-4F06-9DDE-FBC479BDD142}.Release|Any CPU.ActiveCfg = Release|Any CPU
		{EBA247F8-A0AF-4F06-9DDE-FBC479BDD142}.Release|Any CPU.Build.0 = Release|Any CPU
		{006D1C48-A33D-43AD-8BE5-800CE0629441}.Debug|Any CPU.ActiveCfg = Debug|Any CPU
		{006D1C48-A33D-43AD-8BE5-800CE0629441}.Debug|Any CPU.Build.0 = Debug|Any CPU
		{006D1C48-A33D-43AD-8BE5-800CE0629441}.Release|Any CPU.ActiveCfg = Release|Any CPU
		{006D1C48-A33D-43AD-8BE5-800CE0629441}.Release|Any CPU.Build.0 = Release|Any CPU
	EndGlobalSection
	GlobalSection(SolutionProperties) = preSolution
		HideSolutionNode = FALSE
	EndGlobalSection
	GlobalSection(ExtensibilityGlobals) = postSolution
		SolutionGuid = {2ED0C57A-3DA0-44E3-A0C4-00217EA9C795}
	EndGlobalSection
EndGlobal
