
Microsoft Visual Studio Solution File, Format Version 12.00
# Visual Studio Version 17
VisualStudioVersion = 17.13.35825.156
MinimumVisualStudioVersion = 10.0.40219.1
Project("{FAE04EC0-301F-11D3-BF4B-00C04F79EFBC}") = "DemoConsola", "DemoConsola\DemoConsola.csproj", "{0286FA21-0415-4221-A730-8742A5A225A3}"
EndProject
Project("{FAE04EC0-301F-11D3-BF4B-00C04F79EFBC}") = "DemoConsolaAvanzado", "DemoConsolaAvanzado\DemoConsolaAvanzado.csproj", "{6C56F57B-70F9-4B4C-8871-6CED00E3AB89}"
EndProject
Project("{FAE04EC0-301F-11D3-BF4B-00C04F79EFBC}") = "DemoBiblioteca", "DemoBiblioteca\DemoBiblioteca.csproj", "{5CBFC9C9-1243-4DAA-95A9-4598A8287164}"
EndProject
Project("{FAE04EC0-301F-11D3-BF4B-00C04F79EFBC}") = "DemoPruebaUnitaria", "DemoPruebaUnitaria\DemoPruebaUnitaria.csproj", "{7ED36501-A9A3-4A37-ABF2-79FA95C8904E}"
EndProject
Global
	GlobalSection(SolutionConfigurationPlatforms) = preSolution
		Debug|Any CPU = Debug|Any CPU
		Release|Any CPU = Release|Any CPU
	EndGlobalSection
	GlobalSection(ProjectConfigurationPlatforms) = postSolution
		{0286FA21-0415-4221-A730-8742A5A225A3}.Debug|Any CPU.ActiveCfg = Debug|Any CPU
		{0286FA21-0415-4221-A730-8742A5A225A3}.Debug|Any CPU.Build.0 = Debug|Any CPU
		{0286FA21-0415-4221-A730-8742A5A225A3}.Release|Any CPU.ActiveCfg = Release|Any CPU
		{0286FA21-0415-4221-A730-8742A5A225A3}.Release|Any CPU.Build.0 = Release|Any CPU
		{6C56F57B-70F9-4B4C-8871-6CED00E3AB89}.Debug|Any CPU.ActiveCfg = Debug|Any CPU
		{6C56F57B-70F9-4B4C-8871-6CED00E3AB89}.Debug|Any CPU.Build.0 = Debug|Any CPU
		{6C56F57B-70F9-4B4C-8871-6CED00E3AB89}.Release|Any CPU.ActiveCfg = Release|Any CPU
		{6C56F57B-70F9-4B4C-8871-6CED00E3AB89}.Release|Any CPU.Build.0 = Release|Any CPU
		{5CBFC9C9-1243-4DAA-95A9-4598A8287164}.Debug|Any CPU.ActiveCfg = Debug|Any CPU
		{5CBFC9C9-1243-4DAA-95A9-4598A8287164}.Debug|Any CPU.Build.0 = Debug|Any CPU
		{5CBFC9C9-1243-4DAA-95A9-4598A8287164}.Release|Any CPU.ActiveCfg = Release|Any CPU
		{5CBFC9C9-1243-4DAA-95A9-4598A8287164}.Release|Any CPU.Build.0 = Release|Any CPU
		{7ED36501-A9A3-4A37-ABF2-79FA95C8904E}.Debug|Any CPU.ActiveCfg = Debug|Any CPU
		{7ED36501-A9A3-4A37-ABF2-79FA95C8904E}.Debug|Any CPU.Build.0 = Debug|Any CPU
		{7ED36501-A9A3-4A37-ABF2-79FA95C8904E}.Release|Any CPU.ActiveCfg = Release|Any CPU
		{7ED36501-A9A3-4A37-ABF2-79FA95C8904E}.Release|Any CPU.Build.0 = Release|Any CPU
	EndGlobalSection
	GlobalSection(SolutionProperties) = preSolution
		HideSolutionNode = FALSE
	EndGlobalSection
	GlobalSection(ExtensibilityGlobals) = postSolution
		SolutionGuid = {CE42D217-ED8A-46FB-AD4F-3A671A1759E9}
	EndGlobalSection
EndGlobal
